
Microsoft Visual Studio Solution File, Format Version 12.00
# Visual Studio 15
VisualStudioVersion = 15.0.28307.106
MinimumVisualStudioVersion = 10.0.40219.1
Project("{9A19103F-16F7-4668-BE54-9A1E7A4F7556}") = "DiscordBot", "ConsoleApp1\DiscordBot.csproj", "{0337A848-861C-4352-B30E-9EDE7D6E3ED8}"
EndProject
Project("{FAE04EC0-301F-11D3-BF4B-00C04F79EFBC}") = "DiscordBotGR", "ConsoleApp2\DiscordBotGR.csproj", "{2EEABCE8-7484-4890-BCF5-8634C41997E1}"
EndProject
Global
	GlobalSection(SolutionConfigurationPlatforms) = preSolution
		Debug|Any CPU = Debug|Any CPU
		Release|Any CPU = Release|Any CPU
	EndGlobalSection
	GlobalSection(ProjectConfigurationPlatforms) = postSolution
		{0337A848-861C-4352-B30E-9EDE7D6E3ED8}.Debug|Any CPU.ActiveCfg = Debug|Any CPU
		{0337A848-861C-4352-B30E-9EDE7D6E3ED8}.Debug|Any CPU.Build.0 = Debug|Any CPU
		{0337A848-861C-4352-B30E-9EDE7D6E3ED8}.Release|Any CPU.ActiveCfg = Release|Any CPU
		{0337A848-861C-4352-B30E-9EDE7D6E3ED8}.Release|Any CPU.Build.0 = Release|Any CPU
		{2EEABCE8-7484-4890-BCF5-8634C41997E1}.Debug|Any CPU.ActiveCfg = Debug|Any CPU
		{2EEABCE8-7484-4890-BCF5-8634C41997E1}.Debug|Any CPU.Build.0 = Debug|Any CPU
		{2EEABCE8-7484-4890-BCF5-8634C41997E1}.Release|Any CPU.ActiveCfg = Release|Any CPU
		{2EEABCE8-7484-4890-BCF5-8634C41997E1}.Release|Any CPU.Build.0 = Release|Any CPU
	EndGlobalSection
	GlobalSection(SolutionProperties) = preSolution
		HideSolutionNode = FALSE
	EndGlobalSection
	GlobalSection(ExtensibilityGlobals) = postSolution
		SolutionGuid = {710B6EBB-972D-4083-B068-ABFBA67E7F81}
	EndGlobalSection
EndGlobal
